<?xml version="1.0" encoding="utf-8"?>
<Project ToolsVersion="4.0" xmlns="http://schemas.microsoft.com/developer/msbuild/2003">
  <ItemGroup>
    <Filter Include="Server">
      <UniqueIdentifier>{e1aa4fa2-aefd-4f9f-9a1e-5311e38054bc}</UniqueIdentifier>
    </Filter>
    <Filter Include="MonitorManager">
      <UniqueIdentifier>{a4aacdc5-38fa-493d-b594-93bff4c904be}</UniqueIdentifier>
    </Filter>
    <Filter Include="FrameManager">
      <UniqueIdentifier>{3b902ebc-f8f4-4ae7-b011-d7fc29360a35}</UniqueIdentifier>
    </Filter>
    <Filter Include="FrameManager\Coders">
      <UniqueIdentifier>{abcda458-45d9-4010-b0d9-453ba2e08934}</UniqueIdentifier>
    </Filter>
  </ItemGroup>
  <ItemGroup>
    <ClCompile Include="ConnectionServer.cpp">
      <Filter>Server</Filter>
    </ClCompile>
    <ClCompile Include="DataServer.cpp">
      <Filter>Server</Filter>
    </ClCompile>
    <ClCompile Include="GpuDisplay.cpp">
      <Filter>MonitorManager</Filter>
    </ClCompile>
    <ClCompile Include="main.cpp" />
    <ClCompile Include="VideoBuffer.cpp">
      <Filter>MonitorManager</Filter>
    </ClCompile>
    <ClCompile Include="MonitorManager.cpp">
      <Filter>MonitorManager</Filter>
    </ClCompile>
    <ClCompile Include="MApp.cpp" />
    <ClCompile Include="MServer.cpp">
      <Filter>Server</Filter>
    </ClCompile>
    <ClCompile Include="FrameManager.cpp">
      <Filter>FrameManager</Filter>
    </ClCompile>
    <ClCompile Include="FFmpegEncoder.cpp">
      <Filter>FrameManager\Coders</Filter>
    </ClCompile>
    <ClCompile Include="JpegEncoder.cpp">
      <Filter>FrameManager\Coders</Filter>
    </ClCompile>
  </ItemGroup>
  <ItemGroup>
    <ClInclude Include="APacket.h">
      <Filter>Server</Filter>
    </ClInclude>
    <ClInclude Include="..\Common.h" />
    <ClInclude Include="ConnectionServer.h">
      <Filter>Server</Filter>
    </ClInclude>
    <ClInclude Include="DataServer.h">
      <Filter>Server</Filter>
    </ClInclude>
    <ClInclude Include="GpuDisplay.h">
      <Filter>MonitorManager</Filter>
    </ClInclude>
    <ClInclude Include="MApp.h" />
    <ClInclude Include="MClient.h">
      <Filter>Server</Filter>
    </ClInclude>
    <ClInclude Include="MonitorManager.h">
      <Filter>MonitorManager</Filter>
    </ClInclude>
    <ClInclude Include="MServer.h">
      <Filter>Server</Filter>
    </ClInclude>
    <ClInclude Include="..\VideoBuffer.h">
      <Filter>MonitorManager</Filter>
    </ClInclude>
    <ClInclude Include="DPacket.h">
      <Filter>Server</Filter>
    </ClInclude>
    <ClInclude Include="FPacket.h">
      <Filter>Server</Filter>
    </ClInclude>
    <ClInclude Include="FrameManager.h">
      <Filter>FrameManager</Filter>
    </ClInclude>
    <ClInclude Include="SPacket.h">
      <Filter>Server</Filter>
    </ClInclude>
    <ClInclude Include="FFmpegEncoder.h">
      <Filter>FrameManager\Coders</Filter>
    </ClInclude>
    <ClInclude Include="JpegEncoder.h">
      <Filter>FrameManager\Coders</Filter>
    </ClInclude>
    <ClInclude Include="IEncoder.h">
      <Filter>FrameManager</Filter>
    </ClInclude>
  </ItemGroup>
</Project>